
Microsoft Visual Studio Solution File, Format Version 12.00
# Visual Studio Version 17
VisualStudioVersion = 17.7.34031.279
MinimumVisualStudioVersion = 10.0.40219.1
Project("{FAE04EC0-301F-11D3-BF4B-00C04F79EFBC}") = "laba5", "laba5\laba5.csproj", "{7287D5FC-0A4B-42A8-B102-AF70888CCF5A}"
EndProject
Global
	GlobalSection(SolutionConfigurationPlatforms) = preSolution
		Debug|Any CPU = Debug|Any CPU
		Release|Any CPU = Release|Any CPU
	EndGlobalSection
	GlobalSection(ProjectConfigurationPlatforms) = postSolution
		{7287D5FC-0A4B-42A8-B102-AF70888CCF5A}.Debug|Any CPU.ActiveCfg = Debug|Any CPU
		{7287D5FC-0A4B-42A8-B102-AF70888CCF5A}.Debug|Any CPU.Build.0 = Debug|Any CPU
		{7287D5FC-0A4B-42A8-B102-AF70888CCF5A}.Release|Any CPU.ActiveCfg = Release|Any CPU
		{7287D5FC-0A4B-42A8-B102-AF70888CCF5A}.Release|Any CPU.Build.0 = Release|Any CPU
	EndGlobalSection
	GlobalSection(SolutionProperties) = preSolution
		HideSolutionNode = FALSE
	EndGlobalSection
	GlobalSection(ExtensibilityGlobals) = postSolution
		SolutionGuid = {BEA7C64F-7FEF-4889-B472-142A7B96C443}
	EndGlobalSection
EndGlobal
